
Microsoft Visual Studio Solution File, Format Version 12.00
# Visual Studio Version 16
VisualStudioVersion = 16.0.30309.148
MinimumVisualStudioVersion = 10.0.40219.1
Project("{FAE04EC0-301F-11D3-BF4B-00C04F79EFBC}") = "OOP_15", "OOP_15\OOP_15.csproj", "{498AA5BF-61C2-4E04-8614-8E0B99C3B97E}"
EndProject
Global
	GlobalSection(SolutionConfigurationPlatforms) = preSolution
		Debug|Any CPU = Debug|Any CPU
		Release|Any CPU = Release|Any CPU
	EndGlobalSection
	GlobalSection(ProjectConfigurationPlatforms) = postSolution
		{498AA5BF-61C2-4E04-8614-8E0B99C3B97E}.Debug|Any CPU.ActiveCfg = Debug|Any CPU
		{498AA5BF-61C2-4E04-8614-8E0B99C3B97E}.Debug|Any CPU.Build.0 = Debug|Any CPU
		{498AA5BF-61C2-4E04-8614-8E0B99C3B97E}.Release|Any CPU.ActiveCfg = Release|Any CPU
		{498AA5BF-61C2-4E04-8614-8E0B99C3B97E}.Release|Any CPU.Build.0 = Release|Any CPU
	EndGlobalSection
	GlobalSection(SolutionProperties) = preSolution
		HideSolutionNode = FALSE
	EndGlobalSection
	GlobalSection(ExtensibilityGlobals) = postSolution
		SolutionGuid = {4C14F850-027C-402D-8744-BED7B2608398}
	EndGlobalSection
EndGlobal
